
Microsoft Visual Studio Solution File, Format Version 12.00
# Visual Studio Version 17
VisualStudioVersion = 17.8.34330.188
MinimumVisualStudioVersion = 10.0.40219.1
Project("{FAE04EC0-301F-11D3-BF4B-00C04F79EFBC}") = "OracleGroupAssignment", "OracleGroupAssignment\OracleGroupAssignment.csproj", "{608CEE2A-C756-4655-9B0B-34E6B54C9775}"
EndProject
Global
	GlobalSection(SolutionConfigurationPlatforms) = preSolution
		Debug|Any CPU = Debug|Any CPU
		Release|Any CPU = Release|Any CPU
	EndGlobalSection
	GlobalSection(ProjectConfigurationPlatforms) = postSolution
		{608CEE2A-C756-4655-9B0B-34E6B54C9775}.Debug|Any CPU.ActiveCfg = Debug|Any CPU
		{608CEE2A-C756-4655-9B0B-34E6B54C9775}.Debug|Any CPU.Build.0 = Debug|Any CPU
		{608CEE2A-C756-4655-9B0B-34E6B54C9775}.Release|Any CPU.ActiveCfg = Release|Any CPU
		{608CEE2A-C756-4655-9B0B-34E6B54C9775}.Release|Any CPU.Build.0 = Release|Any CPU
	EndGlobalSection
	GlobalSection(SolutionProperties) = preSolution
		HideSolutionNode = FALSE
	EndGlobalSection
	GlobalSection(ExtensibilityGlobals) = postSolution
		SolutionGuid = {C2311AC5-F603-4DAC-9358-B058A8470FB3}
	EndGlobalSection
EndGlobal
